version: 5
environments:
  default:
    channels:
    - url: https://conda.anaconda.org/conda-forge/
    packages:
      linux-64:
      - conda: https://conda.anaconda.org/conda-forge/linux-64/_libgcc_mutex-0.1-conda_forge.tar.bz2
      - conda: https://conda.anaconda.org/conda-forge/linux-64/_openmp_mutex-4.5-2_gnu.tar.bz2
      - conda: https://conda.anaconda.org/conda-forge/linux-64/ca-certificates-2024.8.30-hbcca054_0.conda
      - conda: https://conda.anaconda.org/conda-forge/linux-64/dart-sass-1.58.3-ha770c72_1.conda
      - conda: https://conda.anaconda.org/conda-forge/linux-64/deno-1.41.0-hfc7925d_0.conda
      - conda: https://conda.anaconda.org/conda-forge/linux-64/deno-dom-0.1.35-hd9586b0_1.conda
      - conda: https://conda.anaconda.org/conda-forge/linux-64/esbuild-0.24.0-ha770c72_0.conda
      - conda: https://conda.anaconda.org/conda-forge/linux-64/libgcc-14.2.0-h77fa898_1.conda
      - conda: https://conda.anaconda.org/conda-forge/linux-64/libgcc-ng-14.2.0-h69a702a_1.conda
      - conda: https://conda.anaconda.org/conda-forge/linux-64/libgomp-14.2.0-h77fa898_1.conda
      - conda: https://conda.anaconda.org/conda-forge/linux-64/openssl-3.4.0-hb9d3cd8_0.conda
      - conda: https://conda.anaconda.org/conda-forge/linux-64/pandoc-3.2-ha770c72_0.conda
      - conda: https://conda.anaconda.org/conda-forge/linux-64/quarto-1.5.57-ha770c72_0.conda
      - conda: https://conda.anaconda.org/conda-forge/linux-64/typst-0.11.0-he8a937b_0.conda
      osx-arm64:
      - conda: https://conda.anaconda.org/conda-forge/osx-arm64/dart-sass-1.58.3-hce30654_1.conda
      - conda: https://conda.anaconda.org/conda-forge/osx-arm64/deno-1.41.0-hce30654_0.conda
      - conda: https://conda.anaconda.org/conda-forge/osx-arm64/deno-dom-0.1.35-hb9e0d3b_1.conda
      - conda: https://conda.anaconda.org/conda-forge/osx-arm64/esbuild-0.24.0-hce30654_0.conda
      - conda: https://conda.anaconda.org/conda-forge/osx-arm64/pandoc-3.2-hce30654_0.conda
      - conda: https://conda.anaconda.org/conda-forge/osx-arm64/quarto-1.5.57-hce30654_0.conda
      - conda: https://conda.anaconda.org/conda-forge/osx-arm64/typst-0.11.0-ha5936a3_0.conda
packages:
- kind: conda
  name: _libgcc_mutex
  version: '0.1'
  build: conda_forge
  subdir: linux-64
  url: https://conda.anaconda.org/conda-forge/linux-64/_libgcc_mutex-0.1-conda_forge.tar.bz2
  sha256: fe51de6107f9edc7aa4f786a70f4a883943bc9d39b3bb7307c04c41410990726
  md5: d7c89558ba9fa0495403155b64376d81
  license: None
  size: 2562
  timestamp: 1578324546067
- kind: conda
  name: _openmp_mutex
  version: '4.5'
  build: 2_gnu
  build_number: 16
  subdir: linux-64
  url: https://conda.anaconda.org/conda-forge/linux-64/_openmp_mutex-4.5-2_gnu.tar.bz2
  sha256: fbe2c5e56a653bebb982eda4876a9178aedfc2b545f25d0ce9c4c0b508253d22
  md5: 73aaf86a425cc6e73fcf236a5a46396d
  depends:
  - _libgcc_mutex 0.1 conda_forge
  - libgomp >=7.5.0
  constrains:
  - openmp_impl 9999
  license: BSD-3-Clause
  license_family: BSD
  size: 23621
  timestamp: 1650670423406
- kind: conda
  name: ca-certificates
  version: 2024.8.30
  build: hbcca054_0
  subdir: linux-64
  url: https://conda.anaconda.org/conda-forge/linux-64/ca-certificates-2024.8.30-hbcca054_0.conda
  sha256: afee721baa6d988e27fef1832f68d6f32ac8cc99cdf6015732224c2841a09cea
  md5: c27d1c142233b5bc9ca570c6e2e0c244
  license: ISC
  size: 159003
  timestamp: 1725018903918
- kind: conda
  name: dart-sass
  version: 1.58.3
  build: ha770c72_1
  build_number: 1
  subdir: linux-64
  url: https://conda.anaconda.org/conda-forge/linux-64/dart-sass-1.58.3-ha770c72_1.conda
  sha256: a94f8024ac8a09cbf265c62d2bd57e709802868ef656c6cafe5864ed20bf94af
  md5: d54982a58cd9be3d00a7efe76ba6f60c
  license: MIT
  license_family: MIT
  size: 2961769
  timestamp: 1683598364427
- kind: conda
  name: dart-sass
  version: 1.58.3
  build: hce30654_1
  build_number: 1
  subdir: osx-arm64
  url: https://conda.anaconda.org/conda-forge/osx-arm64/dart-sass-1.58.3-hce30654_1.conda
  sha256: fcaf0653d18ccbc83845ddc41277bcf8394609bdaf3ccbafb48dcd4092a70c0d
  md5: 7282e188f57f69f03378f149fcb8acf8
  license: MIT
  license_family: MIT
  size: 2544603
  timestamp: 1683598631146
- kind: conda
  name: deno
  version: 1.41.0
  build: hce30654_0
  subdir: osx-arm64
  url: https://conda.anaconda.org/conda-forge/osx-arm64/deno-1.41.0-hce30654_0.conda
  sha256: 2510977bf4e76fa56c83ec94d80b212b93177cad0e4088c7c9b3b1c510a8fd72
  md5: 6e0a9e0c15a06dcc65680ddf6dc1218c
  license: MIT
  license_family: MIT
  size: 33455306
  timestamp: 1709746555180
- kind: conda
  name: deno
  version: 1.41.0
  build: hfc7925d_0
  subdir: linux-64
  url: https://conda.anaconda.org/conda-forge/linux-64/deno-1.41.0-hfc7925d_0.conda
  sha256: 0b68555ab0a01d86b1e9a5eeb3d783c784bd91226c388ad2f65aae12744999ad
  md5: 8d6e6bd74055bd30c88d3a678395a7e9
  depends:
  - libgcc-ng >=12
  license: MIT
  license_family: MIT
  size: 39040588
  timestamp: 1709747957637
- kind: conda
  name: deno-dom
  version: 0.1.35
  build: hb9e0d3b_1
  build_number: 1
  subdir: osx-arm64
  url: https://conda.anaconda.org/conda-forge/osx-arm64/deno-dom-0.1.35-hb9e0d3b_1.conda
  sha256: c5d93aa2c31af9ff7234ad95a65d166418e71d111f88fe7158c9d21eb5a49dd1
  md5: 15158274af1f4064563645d278c07a79
  depends:
  - deno >=1.24.2
  license: MIT
  license_family: MIT
  size: 373555
  timestamp: 1682953826826
- kind: conda
  name: deno-dom
  version: 0.1.35
  build: hd9586b0_1
  build_number: 1
  subdir: linux-64
  url: https://conda.anaconda.org/conda-forge/linux-64/deno-dom-0.1.35-hd9586b0_1.conda
  sha256: 386c157bf2eebe4fc58e63c26784d084eaa71cf1020257c30a430624631415fd
  md5: 263ee0870b18b013d9ec8539113ac69f
  depends:
  - deno >=1.24.2
  license: MIT
  license_family: MIT
  size: 1062480
  timestamp: 1682953401972
- kind: conda
  name: esbuild
  version: 0.24.0
  build: ha770c72_0
  subdir: linux-64
  url: https://conda.anaconda.org/conda-forge/linux-64/esbuild-0.24.0-ha770c72_0.conda
  sha256: 38bfefeafd4dfad798615740e424efacb2122b81eacfce736bc6a90b05ccd8a5
  md5: b2cdfd1d3c62519b913d71f200e7f9ca
  license: MIT
  license_family: MIT
  size: 3636196
  timestamp: 1727000941821
- kind: conda
  name: esbuild
  version: 0.24.0
  build: hce30654_0
  subdir: osx-arm64
  url: https://conda.anaconda.org/conda-forge/osx-arm64/esbuild-0.24.0-hce30654_0.conda
  sha256: dfa1b02c6261587cd4393bb8a0dcd515eb279d579199334d94447b34f025c329
  md5: 6a3e9efecd148bfa60369a5a099aa083
  license: MIT
  license_family: MIT
  size: 3382290
  timestamp: 1727001073958
- kind: conda
  name: libgcc
  version: 14.2.0
  build: h77fa898_1
  build_number: 1
  subdir: linux-64
  url: https://conda.anaconda.org/conda-forge/linux-64/libgcc-14.2.0-h77fa898_1.conda
  sha256: 53eb8a79365e58849e7b1a068d31f4f9e718dc938d6f2c03e960345739a03569
  md5: 3cb76c3f10d3bc7f1105b2fc9db984df
  depends:
  - _libgcc_mutex 0.1 conda_forge
  - _openmp_mutex >=4.5
  constrains:
  - libgomp 14.2.0 h77fa898_1
  - libgcc-ng ==14.2.0=*_1
  license: GPL-3.0-only WITH GCC-exception-3.1
  license_family: GPL
  size: 848745
  timestamp: 1729027721139
- kind: conda
  name: libgcc-ng
  version: 14.2.0
  build: h69a702a_1
  build_number: 1
  subdir: linux-64
  url: https://conda.anaconda.org/conda-forge/linux-64/libgcc-ng-14.2.0-h69a702a_1.conda
  sha256: 3a76969c80e9af8b6e7a55090088bc41da4cffcde9e2c71b17f44d37b7cb87f7
  md5: e39480b9ca41323497b05492a63bc35b
  depends:
  - libgcc 14.2.0 h77fa898_1
  license: GPL-3.0-only WITH GCC-exception-3.1
  license_family: GPL
  size: 54142
  timestamp: 1729027726517
- kind: conda
  name: libgomp
  version: 14.2.0
  build: h77fa898_1
  build_number: 1
  subdir: linux-64
  url: https://conda.anaconda.org/conda-forge/linux-64/libgomp-14.2.0-h77fa898_1.conda
  sha256: 1911c29975ec99b6b906904040c855772ccb265a1c79d5d75c8ceec4ed89cd63
  md5: cc3573974587f12dda90d96e3e55a702
  depends:
  - _libgcc_mutex 0.1 conda_forge
  license: GPL-3.0-only WITH GCC-exception-3.1
  license_family: GPL
  size: 460992
  timestamp: 1729027639220
- kind: conda
  name: openssl
  version: 3.4.0
  build: hb9d3cd8_0
  subdir: linux-64
  url: https://conda.anaconda.org/conda-forge/linux-64/openssl-3.4.0-hb9d3cd8_0.conda
  sha256: 814b9dff1847b132c676ee6cc1a8cb2d427320779b93e1b6d76552275c128705
  md5: 23cc74f77eb99315c0360ec3533147a9
  depends:
  - __glibc >=2.17,<3.0.a0
  - ca-certificates
  - libgcc >=13
  license: Apache-2.0
  license_family: Apache
  size: 2947466
  timestamp: 1731377666602
- kind: conda
  name: pandoc
  version: '3.2'
  build: ha770c72_0
  subdir: linux-64
  url: https://conda.anaconda.org/conda-forge/linux-64/pandoc-3.2-ha770c72_0.conda
  sha256: 418348076c1a39170efb0bdc8a584ddd11e9ed0ff58ccd905488d3f165ca98ba
  md5: 8c924f0b7f3e064b1c954a08e7c32fba
  license: GPL-2.0-or-later
  license_family: GPL
  size: 21088628
  timestamp: 1715499623651
- kind: conda
  name: pandoc
  version: '3.2'
  build: hce30654_0
  subdir: osx-arm64
  url: https://conda.anaconda.org/conda-forge/osx-arm64/pandoc-3.2-hce30654_0.conda
  sha256: f7836654ef1bb926d291c87512ff8f94bbaf1d61068bae0da13c171faf9cfd9e
  md5: 8306d6d73bba59723aa360799277b014
  license: GPL-2.0-or-later
  license_family: GPL
  size: 22795212
  timestamp: 1715499669080
- kind: conda
  name: quarto
  version: 1.5.57
  build: ha770c72_0
  subdir: linux-64
  url: https://conda.anaconda.org/conda-forge/linux-64/quarto-1.5.57-ha770c72_0.conda
  sha256: b8bccc243d6ed27d2511662601c2f3e8fa1f371fd71d40ea3ffcb15dc3192676
  md5: dd6838c663e9b5a1b18048a164ccb90b
  depends:
  - dart-sass
  - deno >=1.41.0,<1.41.1.0a0
  - deno-dom >=0.1.35,<0.1.36.0a0
  - esbuild
  - pandoc 3.2
  - typst 0.11.0
  license: GPL-2.0-or-later
  license_family: GPL
  size: 16059182
  timestamp: 1725910489963
- kind: conda
  name: quarto
  version: 1.5.57
  build: hce30654_0
  subdir: osx-arm64
  url: https://conda.anaconda.org/conda-forge/osx-arm64/quarto-1.5.57-hce30654_0.conda
  sha256: a43b7c945350de57b08dcb8f5429801b88ccdc417b1adccc3a4d61f673ecdc08
  md5: 4f55d8c7598629589dfa0341e9ed776b
  depends:
  - dart-sass
  - deno >=1.41.0,<1.41.1.0a0
  - deno-dom >=0.1.35,<0.1.36.0a0
  - esbuild
  - pandoc 3.2
  - typst 0.11.0
  license: GPL-2.0-or-later
  license_family: GPL
  size: 15864370
  timestamp: 1725910540458
- kind: conda
  name: typst
  version: 0.11.0
  build: ha5936a3_0
  subdir: osx-arm64
  url: https://conda.anaconda.org/conda-forge/osx-arm64/typst-0.11.0-ha5936a3_0.conda
  sha256: c092295b591e681de6da2b90ca74a1452f8ea25b5825eaabccab3ac4d698ebed
  md5: 955b5a7e393fc686b1d96db926955f34
  constrains:
  - __osx >=11.0
  license: Apache-2.0
  license_family: Apache
  size: 11136841
  timestamp: 1710533646921
- kind: conda
  name: typst
  version: 0.11.0
  build: he8a937b_0
  subdir: linux-64
  url: https://conda.anaconda.org/conda-forge/linux-64/typst-0.11.0-he8a937b_0.conda
  sha256: e0be4b66c486a15341d7309744ca94c51dbf0c3914c05cbf2bd796aac0c510c5
  md5: f6ac8c8ab4a4c9ed0ec710e3f5fa3954
  depends:
  - libgcc-ng >=12
  - openssl >=3.2.1,<4.0a0
  license: Apache-2.0
  license_family: Apache
  size: 11632673
  timestamp: 1710532616618
